codeberg.org/vula/highctidh v1.0.2024092800 h1:mvAQCDPgTTwo0/w1ZztxOEKp8CnH2+q5zf+3vKR79Jc=
codeberg.org/vula/highctidh v1.0.2024092800/go.mod h1:admvznk7GhsrDih/BMy7jbIv9Y86U9vj7S5FVoquF/g=
filippo.io/edwards25519 v1.1.1 h1:YpjwWWlNmGIDyXOn8zLzqiD+9TyIlPhGFG96P39uBpw=
filippo.io/edwards25519 v1.1.1/go.mod h1:BxyFTGdWcka3PhytdK4V28tE5sGfRvvvRV7EaN4VDT4=
filippo.io/mlkem768 v0.0.0-20260214141301-2e7bebc7d88d h1:YyLyABjdrdt2l/E6JAnku4BjhEDXhxQD2bPOnOvy8/M=
filippo.io/mlkem768 v0.0.0-20260214141301-2e7bebc7d88d/go.mod h1:ym4egWKLpazdho3bHx0xuQlCq02ttP+vhxxKO8LgO9c=
github.com/BurntSushi/toml v1.5.0 h1:W5quZX/G/csjUnuI8SUYlsHs9M38FC7znL0lIO+DvMg=
github.com/BurntSushi/toml v1.5.0/go.mod h1:ukJfTF/6rtPPRCnwkur4qwRxa8vTRFBF0uk2lLoLwho=
github.com/agl/gcmsiv v0.0.0-20190418185415-e8dcd2f151dc h1:MB338WDPuyQ8qXRiSRK2NVTv0EmLYsHXZAevEiQO1+c=
github.com/agl/gcmsiv v0.0.0-20190418185415-e8dcd2f151dc/go.mod h1:5joDAvk82M2Cx1X8mAL5Orvhy5lfW4BjrTCW65wbvRo=
github.com/aymanbagabas/go-osc52/v2 v2.0.1 h1:HwpRHbFMcZLEVr42D4p7XBqjyuxQH5SMiErDT4WkJ2k=
github.com/aymanbagabas/go-osc52/v2 v2.0.1/go.mod h1:uYgXzlJ7ZpABp8OJ+exZzJJhRNQ2ASbcXHWsFqH8hp8=
github.com/charmbracelet/lipgloss v1.0.0 h1:O7VkGDvqEdGi93X+DeqsQ7PKHDgtQfF8j8/O2qFMQNg=
github.com/charmbracelet/lipgloss v1.0.0/go.mod h1:U5fy9Z+C38obMs+T+tJqst9VGzlOYGj4ri9reL3qUlo=
github.com/charmbracelet/log v0.4.1 h1:6AYnoHKADkghm/vt4neaNEXkxcXLSV2g1rdyFDOpTyk=
github.com/charmbracelet/log v0.4.1/go.mod h1:pXgyTsqsVu4N9hGdHmQ0xEA4RsXof402LX9ZgiITn2I=
github.com/charmbracelet/x/ansi v0.8.0 h1:9GTq3xq9caJW8ZrBTe0LIe2fvfLR/bYXKTx2llXn7xE=
github.com/charmbracelet/x/ansi v0.8.0/go.mod h1:wdYl/ONOLHLIVmQaxbIYEC/cRKOQyjTkowiI4blgS9Q=
github.com/fxamacker/cbor/v2 v2.8.0 h1:fFtUGXUzXPHTIUdne5+zzMPTfffl3RD5qYnkY40vtxU=
github.com/fxamacker/cbor/v2 v2.8.0/go.mod h1:vM4b+DJCtHn+zz7h3FFp/hDAI9WNWCsZj23V5ytsSxQ=
github.com/go-faster/xor v1.0.0 h1:2o8vTOgErSGHP3/7XwA5ib1FTtUsNtwCoLLBjl31X38=
github.com/go-faster/xor v1.0.0/go.mod h1:x5CaDY9UKErKzqfRfFZdfu+OSTfoZny3w5Ak7UxcipQ=
github.com/go-logfmt/logfmt v0.6.0 h1:wGYYu3uicYdqXVgoYbvnkrPVXkuLM1p1ifugDMEdRi4=
github.com/go-logfmt/logfmt v0.6.0/go.mod h1:WYhtIu8zTZfxdn5+rREduYbwxfcBr/Vr6KEVveWlfTs=
github.com/henrydcase/nobs v0.0.0-20230313231516-25b66236df73 h1:d3rq/Tz+RJ5h1xk6Lt3jbObJN3WhvZm7rV41OCIzUyI=
github.com/henrydcase/nobs v0.0.0-20230313231516-25b66236df73/go.mod h1:ptK2MJqVLVEa/V/oK8n+MEyUDCSjSylW+jeNmCG1DJo=
github.com/katzenpost/chacha20 v0.0.1 h1:Scu6Pqyginw083FhypKMIBmCI2gQTC1RFD6vqpWwI2Y=
github.com/katzenpost/chacha20 v0.0.1/go.mod h1:/LIJK/8cUXVJrCh5NypZ8So3gDfQCoQT8lRvy1rYQZA=
github.com/katzenpost/chacha20poly1305 v0.0.1 h1:yFPxgu/VSWsoCNQ2x15az8xBKKc/9GDY9Pz42MvY9xg=
github.com/katzenpost/chacha20poly1305 v0.0.1/go.mod h1:5sv//C8pWaXrnnP3CNiJXqAlA1/yfUZOl1tR9xsL9bI=
github.com/katzenpost/circl v1.3.9-0.20240222183521-1cd9a34e9a0c h1:FYy03rLIjdyjklBOI6YSCb3q7OubTx0dVDWYOgDsvA8=
github.com/katzenpost/circl v1.3.9-0.20240222183521-1cd9a34e9a0c/go.mod h1:+EBrwiGYs9S+qZqaqxujN1CReTNCMAG6p+31KkEDeeA=
github.com/katzenpost/hpqc v0.0.73 h1:LTKNqn4pf6A2x8lbnzFql/TCrkxGFMSec6QyMT0ViLw=
github.com/katzenpost/hpqc v0.0.73/go.mod h1:FKTko//TflX91qipK3F5g4tcH/7Kr77lFtnBIVxBCzw=
github.com/katzenpost/sntrup4591761 v0.0.0-20231024131303-8755eb1986b8 h1:TsKxH0x2RUwf5rBw67k15bqVM3oVbexA9oaTZQLIy3Y=
github.com/katzenpost/sntrup4591761 v0.0.0-20231024131303-8755eb1986b8/go.mod h1:Hmcrwom7jcEmGdo0CsyuJNnldPeyS+M07FuCbo7I8fw=
github.com/katzenpost/sphincsplus v0.0.2 h1:W1UWejLK62Lk0uK2R08H/sWEaQrRHWCaMEKO181SoOE=
github.com/katzenpost/sphincsplus v0.0.2/go.mod h1:ChO9+ojgCH1yEuplGgW4mSI1FwZWtyEmEkG1xL3w264=
github.com/lucasb-eyer/go-colorful v1.2.0 h1:1nnpGOrhyZZuNyfu1QjKiUICQ74+3FNCN69Aj6K7nkY=
github.com/lucasb-eyer/go-colorful v1.2.0/go.mod h1:R4dSotOR9KMtayYi1e77YzuveK+i7ruzyGqttikkLy0=
github.com/mattn/go-isatty v0.0.20 h1:xfD0iDuEKnDkl03q4limB+vH+GxLEtL/jb4xVJSWWEY=
github.com/mattn/go-isatty v0.0.20/go.mod h1:W+V8PltTTMOvKvAeJH7IuucS94S2C6jfK/D7dTCTo3Y=
github.com/mattn/go-pointer v0.0.1 h1:n+XhsuGeVO6MEAp7xyEukFINEa+Quek5psIR/ylA6o0=
github.com/mattn/go-pointer v0.0.1/go.mod h1:2zXcozF6qYGgmsG+SeTZz3oAbFLdD3OWqnUbNvJZAlc=
github.com/mattn/go-runewidth v0.0.16 h1:E5ScNMtiwvlvB5paMFdw9p4kSQzbXFikJ5SQO6TULQc=
github.com/mattn/go-runewidth v0.0.16/go.mod h1:Jdepj2loyihRzMpdS35Xk/zdY8IAYHsh153qUoGf23w=
github.com/muesli/termenv v0.16.0 h1:S5AlUN9dENB57rsbnkPyfdGuWIlkmzJjbFf0Tf5FWUc=
github.com/muesli/termenv v0.16.0/go.mod h1:ZRfOIKPFDYQoDFF4Olj7/QJbW60Ol/kL1pU3VfY/Cnk=
github.com/rivo/uniseg v0.4.7 h1:WUdvkW8uEhrYfLC4ZzdpI2ztxP1I582+49Oc5Mq64VQ=
github.com/rivo/uniseg v0.4.7/go.mod h1:FN3SvrM+Zdj16jyLfmOkMNblXMcoc8DfTHruCPUcx88=
github.com/x448/float16 v0.8.4 h1:qLwI1I70+NjRFUR3zs1JPUCgaCXSh3SW62uAKT1mSBM=
github.com/x448/float16 v0.8.4/go.mod h1:14CWIYCyZA/cWjXOioeEpHeN/83MdbZDRQHoFcYsOfg=
gitlab.com/yawning/aez.git v0.0.0-20211027044916-e49e68abd344 h1:eICJMpqnDkO4nQv+GWtXcE45CFum/ni3jhcE+acBjQk=
gitlab.com/yawning/aez.git v0.0.0-20211027044916-e49e68abd344/go.mod h1:/WDFxZLKGy+NQc+nqvQg2O0rW1HeWNHSelVv5fwEL8s=
gitlab.com/yawning/bsaes.git v0.0.0-20190805113838-0a714cd429ec h1:FpfFs4EhNehiVfzQttTuxanPIT43FtkkCFypIod8LHo=
gitlab.com/yawning/bsaes.git v0.0.0-20190805113838-0a714cd429ec/go.mod h1:BZ1RAoRPbCxum9Grlv5aeksu2H8BiKehBYooU2LFiOQ=
golang.org/x/crypto v0.48.0 h1:/VRzVqiRSggnhY7gNRxPauEQ5Drw9haKdM0jqfcCFts=
golang.org/x/crypto v0.48.0/go.mod h1:r0kV5h3qnFPlQnBSrULhlsRfryS2pmewsg+XfMgkVos=
golang.org/x/net v0.49.0 h1:eeHFmOGUTtaaPSGNmjBKpbng9MulQsJURQUAfUwY++o=
golang.org/x/net v0.49.0/go.mod h1:/ysNB2EvaqvesRkuLAyjI1ycPZlQHM3q01F02UY/MV8=
golang.org/x/sys v0.41.0 h1:Ivj+2Cp/ylzLiEU89QhWblYnOE9zerudt9Ftecq2C6k=
golang.org/x/sys v0.41.0/go.mod h1:OgkHotnGiDImocRcuBABYBEXf8A9a87e/uXjp9XT3ks=
golang.org/x/text v0.34.0 h1:oL/Qq0Kdaqxa1KbNeMKwQq0reLCCaFtqu2eNuSeNHbk=
golang.org/x/text v0.34.0/go.mod h1:homfLqTYRFyVYemLBFl5GgL/DWEiH5wcsQ5gSh1yziA=
gopkg.in/op/go-logging.v1 v1.0.0-20160211212156-b2cb9fa56473 h1:6D+BvnJ/j6e222UW8s2qTSe3wGBtvo0MbVQG/c5k8RE=
gopkg.in/op/go-logging.v1 v1.0.0-20160211212156-b2cb9fa56473/go.mod h1:N1eN2tsCx0Ydtgjl4cqmbRCsY4/+z4cYDeqwZTk6zog=
