codeberg.org/vula/highctidh v1.0.2025051200 h1:4xG2pxCCYKvI2HICy5YQf+44d8pEibuOg4u86PvX4OM=
codeberg.org/vula/highctidh v1.0.2025051200/go.mod h1:admvznk7GhsrDih/BMy7jbIv9Y86U9vj7S5FVoquF/g=
filippo.io/edwards25519 v1.2.0 h1:crnVqOiS4jqYleHd9vaKZ+HKtHfllngJIiOpNpoJsjo=
filippo.io/edwards25519 v1.2.0/go.mod h1:xzAOLCNug/yB62zG1bQ8uziwrIqIuxhctzJT18Q77mc=
filippo.io/mldsa v0.0.0-20260711112038-ff3f469cee29 h1:11cJmDX5FvZu/znhVjfwxs9jZcos6d8O6Bc9Fpdv87Y=
filippo.io/mldsa v0.0.0-20260711112038-ff3f469cee29/go.mod h1:32qQ5yj3R24Eu03iWFWchdC3OB653wPvoepWejkefbY=
filippo.io/mlkem768 v0.0.0-20260214141301-2e7bebc7d88d h1:YyLyABjdrdt2l/E6JAnku4BjhEDXhxQD2bPOnOvy8/M=
filippo.io/mlkem768 v0.0.0-20260214141301-2e7bebc7d88d/go.mod h1:ym4egWKLpazdho3bHx0xuQlCq02ttP+vhxxKO8LgO9c=
github.com/BurntSushi/toml v1.6.0 h1:dRaEfpa2VI55EwlIW72hMRHdWouJeRF7TPYhI+AUQjk=
github.com/BurntSushi/toml v1.6.0/go.mod h1:ukJfTF/6rtPPRCnwkur4qwRxa8vTRFBF0uk2lLoLwho=
github.com/agl/gcmsiv v0.0.0-20190418185415-e8dcd2f151dc h1:MB338WDPuyQ8qXRiSRK2NVTv0EmLYsHXZAevEiQO1+c=
github.com/agl/gcmsiv v0.0.0-20190418185415-e8dcd2f151dc/go.mod h1:5joDAvk82M2Cx1X8mAL5Orvhy5lfW4BjrTCW65wbvRo=
github.com/aymanbagabas/go-osc52/v2 v2.0.1 h1:HwpRHbFMcZLEVr42D4p7XBqjyuxQH5SMiErDT4WkJ2k=
github.com/aymanbagabas/go-osc52/v2 v2.0.1/go.mod h1:uYgXzlJ7ZpABp8OJ+exZzJJhRNQ2ASbcXHWsFqH8hp8=
github.com/charmbracelet/colorprofile v0.4.3 h1:QPa1IWkYI+AOB+fE+mg/5/4HRMZcaXex9t5KX76i20Q=
github.com/charmbracelet/colorprofile v0.4.3/go.mod h1:/zT4BhpD5aGFpqQQqw7a+VtHCzu+zrQtt1zhMt9mR4Q=
github.com/charmbracelet/lipgloss v1.1.0 h1:vYXsiLHVkK7fp74RkV7b2kq9+zDLoEU4MZoFqR/noCY=
github.com/charmbracelet/lipgloss v1.1.0/go.mod h1:/6Q8FR2o+kj8rz4Dq0zQc3vYf7X+B0binUUBwA0aL30=
github.com/charmbracelet/log v1.0.0 h1:HVVVMmfOorfj3BA9i8X8UL69Hoz9lI0PYwXfJvOdRc4=
github.com/charmbracelet/log v1.0.0/go.mod h1:uYgY3SmLpwJWxmlrPwXvzVYujxis1vAKRV/0VQB7yWA=
github.com/charmbracelet/x/ansi v0.11.8 h1:JMFwp0CgDC2+jcOB162HH5k7I3FVbgFSMMYg7dSPBQQ=
github.com/charmbracelet/x/ansi v0.11.8/go.mod h1:ZNN+3mXny/516oTQPLMPIBeSINvNJJQ8uQXDgbeJxY0=
github.com/charmbracelet/x/cellbuf v0.0.15 h1:ur3pZy0o6z/R7EylET877CBxaiE1Sp1GMxoFPAIztPI=
github.com/charmbracelet/x/cellbuf v0.0.15/go.mod h1:J1YVbR7MUuEGIFPCaaZ96KDl5NoS0DAWkskup+mOY+Q=
github.com/charmbracelet/x/term v0.2.2 h1:xVRT/S2ZcKdhhOuSP4t5cLi5o+JxklsoEObBSgfgZRk=
github.com/charmbracelet/x/term v0.2.2/go.mod h1:kF8CY5RddLWrsgVwpw4kAa6TESp6EB5y3uxGLeCqzAI=
github.com/clipperhouse/displaywidth v0.11.0 h1:lBc6kY44VFw+TDx4I8opi/EtL9m20WSEFgwIwO+UVM8=
github.com/clipperhouse/displaywidth v0.11.0/go.mod h1:bkrFNkf81G8HyVqmKGxsPufD3JhNl3dSqnGhOoSD/o0=
github.com/clipperhouse/uax29/v2 v2.7.0 h1:+gs4oBZ2gPfVrKPthwbMzWZDaAFPGYK72F0NJv2v7Vk=
github.com/clipperhouse/uax29/v2 v2.7.0/go.mod h1:EFJ2TJMRUaplDxHKj1qAEhCtQPW2tJSwu5BF98AuoVM=
github.com/coder/websocket v1.8.15 h1:6B2JPeOGlpff2Uz6vOEH1Vzpi0iUz20A+lPVhPHtNUA=
github.com/coder/websocket v1.8.15/go.mod h1:NX3SzP+inril6yawo5CQXx8+fk145lPDC6pumgx0mVg=
github.com/davecgh/go-spew v1.1.1 h1:vj9j/u1bqnvCEfJOwUhtlOARqs3+rkHYY13jYWTU97c=
github.com/davecgh/go-spew v1.1.1/go.mod h1:J7Y8YcW2NihsgmVo/mv3lAwl/skON4iLHjSsI+c5H38=
github.com/fxamacker/cbor/v2 v2.9.3 h1:oQBnFATpNdY8gJHTndDDv5Xl4QqNaz51G5LLEPhng3Q=
github.com/fxamacker/cbor/v2 v2.9.3/go.mod h1:vM4b+DJCtHn+zz7h3FFp/hDAI9WNWCsZj23V5ytsSxQ=
github.com/go-logfmt/logfmt v0.6.1 h1:4hvbpePJKnIzH1B+8OR/JPbTx37NktoI9LE2QZBBkvE=
github.com/go-logfmt/logfmt v0.6.1/go.mod h1:EV2pOAQoZaT1ZXZbqDl5hrymndi4SY9ED9/z6CO0XAk=
github.com/google/go-cmp v0.7.0 h1:wk8382ETsv4JYUZwIsn6YpYiWiBsYLSJiTsyBybVuN8=
github.com/google/go-cmp v0.7.0/go.mod h1:pXiqmnSA92OHEEa9HXL2W4E7lf9JzCmGVUdgjX3N/iU=
github.com/katzenpost/chacha20 v0.0.1 h1:Scu6Pqyginw083FhypKMIBmCI2gQTC1RFD6vqpWwI2Y=
github.com/katzenpost/chacha20 v0.0.1/go.mod h1:/LIJK/8cUXVJrCh5NypZ8So3gDfQCoQT8lRvy1rYQZA=
github.com/katzenpost/chacha20poly1305 v0.0.1 h1:yFPxgu/VSWsoCNQ2x15az8xBKKc/9GDY9Pz42MvY9xg=
github.com/katzenpost/chacha20poly1305 v0.0.1/go.mod h1:5sv//C8pWaXrnnP3CNiJXqAlA1/yfUZOl1tR9xsL9bI=
github.com/katzenpost/circl v1.3.8-0.20260413165442-e2d217fd59f5 h1:n+9aUwSmnz97MNS9duYeHSq+s42CG9wydFECOjqAI9A=
github.com/katzenpost/circl v1.3.8-0.20260413165442-e2d217fd59f5/go.mod h1:9KxLMK17ZLjofnmpVp4Sm315uIF3BAWHVk32EFDRicU=
github.com/katzenpost/falcon v0.1.0 h1:+WkID41Y6CaWAQE3ijCIfZHu7eHHy8DvAFWCnrW1XDw=
github.com/katzenpost/falcon v0.1.0/go.mod h1:HtOnkNvwpvTJ3fuXmy4BNw4A8Jg2QetpmkvOPOnOwyU=
github.com/katzenpost/hpqc v0.0.85-0.20260715190213-e598e7ee2843 h1:MkmW+vTZx0fpNr7wDUoEdFD61IQcsASxbxXVVvmrCxQ=
github.com/katzenpost/hpqc v0.0.85-0.20260715190213-e598e7ee2843/go.mod h1:C/MaI/ke/uHR5FCKuqB/GNa/JLoFk9PeBnFoP23dh6Q=
github.com/katzenpost/katzenpost v0.0.99 h1:8jorg5iL0WWPBJ6sf7Ry6drbSZgxCn+WKO/K1rLFZQk=
github.com/katzenpost/katzenpost v0.0.99/go.mod h1:jpDZHlFlJeqg2Lnl9OGgJVwD6Ch11KAOV1u3Ifl6ORk=
github.com/katzenpost/sntrup4591761 v0.0.0-20231024131303-8755eb1986b8 h1:TsKxH0x2RUwf5rBw67k15bqVM3oVbexA9oaTZQLIy3Y=
github.com/katzenpost/sntrup4591761 v0.0.0-20231024131303-8755eb1986b8/go.mod h1:Hmcrwom7jcEmGdo0CsyuJNnldPeyS+M07FuCbo7I8fw=
github.com/katzenpost/sphincsplus v0.0.2 h1:W1UWejLK62Lk0uK2R08H/sWEaQrRHWCaMEKO181SoOE=
github.com/katzenpost/sphincsplus v0.0.2/go.mod h1:ChO9+ojgCH1yEuplGgW4mSI1FwZWtyEmEkG1xL3w264=
github.com/katzenpost/sqisign/bindings/go v0.0.0-20260520215053-47e926d8264d h1:mjXmMwB8NRO0+NoUGj9zys2vm02Ia9on0lZE5gVr4X8=
github.com/katzenpost/sqisign/bindings/go v0.0.0-20260520215053-47e926d8264d/go.mod h1:CcVAF5BHgQtHH3lFCmwl3t2KKcXih+8ZcjLbxg8z3D0=
github.com/lucasb-eyer/go-colorful v1.4.1 h1:1EO+WB73+EH8EVbzlrG3KLAfEypQWVHIBqlTf+2hNss=
github.com/lucasb-eyer/go-colorful v1.4.1/go.mod h1:R4dSotOR9KMtayYi1e77YzuveK+i7ruzyGqttikkLy0=
github.com/mattn/go-isatty v0.0.24 h1:tGZZoVgT/KiqK1c8ocVLeDS8BSWMRd47J3Lbz7vsReI=
github.com/mattn/go-isatty v0.0.24/go.mod h1:nMCL3Zebbrt45jsMDgnfIwz6ydEQApk5oEI3HqDio6A=
github.com/mattn/go-pointer v0.0.1 h1:n+XhsuGeVO6MEAp7xyEukFINEa+Quek5psIR/ylA6o0=
github.com/mattn/go-pointer v0.0.1/go.mod h1:2zXcozF6qYGgmsG+SeTZz3oAbFLdD3OWqnUbNvJZAlc=
github.com/mattn/go-runewidth v0.0.28 h1:rPyg2ybwEKPebvpzVWe1gKBkH8EQFkxO4Y0hjBeLaBU=
github.com/mattn/go-runewidth v0.0.28/go.mod h1:3qAiGCV4Koz/yuveO58qUefmUTRm8r0IGEXZ9jeHp/8=
github.com/muesli/termenv v0.16.0 h1:S5AlUN9dENB57rsbnkPyfdGuWIlkmzJjbFf0Tf5FWUc=
github.com/muesli/termenv v0.16.0/go.mod h1:ZRfOIKPFDYQoDFF4Olj7/QJbW60Ol/kL1pU3VfY/Cnk=
github.com/pmezard/go-difflib v1.0.0 h1:4DBwDE0NGyQoBHbLQYPwSUPoCMWR5BEzIk/f1lZbAQM=
github.com/pmezard/go-difflib v1.0.0/go.mod h1:iKH77koFhYxTK1pcRnkKkqfTogsbg7gZNVY4sRDYZ/4=
github.com/rivo/uniseg v0.4.7 h1:WUdvkW8uEhrYfLC4ZzdpI2ztxP1I582+49Oc5Mq64VQ=
github.com/rivo/uniseg v0.4.7/go.mod h1:FN3SvrM+Zdj16jyLfmOkMNblXMcoc8DfTHruCPUcx88=
github.com/schwarmco/go-cartesian-product v0.0.0-20230921023625-e02d1c150053 h1:h7EwPM2KjupG0zVAG+EYxbR2cHnbiP1d4DTAZ+G09LY=
github.com/schwarmco/go-cartesian-product v0.0.0-20230921023625-e02d1c150053/go.mod h1:/TRiIlxvQQAtfnBXEqqbnYBYPmE6XT5iZxSx+hJ9zGw=
github.com/shurlinet/go-hqc v0.1.1 h1:p0ZSHW+Spulp0pBnuyYTjgqmqm0CkILZWyOEZeKRXl0=
github.com/shurlinet/go-hqc v0.1.1/go.mod h1:3pQdozY8+F4AcOpiyj/ztKR90TwMDMBjbiNHNbejPtw=
github.com/stretchr/testify v1.11.1 h1:7s2iGBzp5EwR7/aIZr8ao5+dra3wiQyKjjFuvgVKu7U=
github.com/stretchr/testify v1.11.1/go.mod h1:wZwfW3scLgRK+23gO65QZefKpKQRnfz6sD981Nm4B6U=
github.com/x448/float16 v0.8.4 h1:qLwI1I70+NjRFUR3zs1JPUCgaCXSh3SW62uAKT1mSBM=
github.com/x448/float16 v0.8.4/go.mod h1:14CWIYCyZA/cWjXOioeEpHeN/83MdbZDRQHoFcYsOfg=
github.com/xo/terminfo v1.0.0 h1:2ZpYzqWzyyytjk3TP6aJVDhkMAkc99/1xKQdA3TDTBY=
github.com/xo/terminfo v1.0.0/go.mod h1:RbqR21r5mrJuqunuUZ/Dhy/avygyECGrLceyNeo4LiM=
gitlab.com/yawning/aez.git v0.0.0-20211027044916-e49e68abd344 h1:eICJMpqnDkO4nQv+GWtXcE45CFum/ni3jhcE+acBjQk=
gitlab.com/yawning/aez.git v0.0.0-20211027044916-e49e68abd344/go.mod h1:/WDFxZLKGy+NQc+nqvQg2O0rW1HeWNHSelVv5fwEL8s=
gitlab.com/yawning/bsaes.git v0.0.0-20190805113838-0a714cd429ec h1:FpfFs4EhNehiVfzQttTuxanPIT43FtkkCFypIod8LHo=
gitlab.com/yawning/bsaes.git v0.0.0-20190805113838-0a714cd429ec/go.mod h1:BZ1RAoRPbCxum9Grlv5aeksu2H8BiKehBYooU2LFiOQ=
golang.org/x/crypto v0.55.0 h1:+KWHjbgOaAQ66dh/YlkZKHlz9ZUlq61AFirAR9ntP8M=
golang.org/x/crypto v0.55.0/go.mod h1:uq0V9dE/fzQuJtbnL+2EhWOE63vo164FY8xqEnV9xis=
golang.org/x/exp v0.0.0-20260820142414-ca536658362e h1:01Ju2A/fZKkci4zqx0eZxw//DnRYOnBiGJG14hFBhO8=
golang.org/x/exp v0.0.0-20260820142414-ca536658362e/go.mod h1:zeBbvyFKDaLwa7CH/zI8KXt7gTl14SF7sO08Pl5jBCM=
golang.org/x/net v0.58.0 h1:ynWG7rqYi4ccpTEuPZ2QGWHktVEM9DMCj9yzDE0Q7To=
golang.org/x/net v0.58.0/go.mod h1:YwCddHnFlT7eLQqVprV19OnhLGtc5xOKgE0RyqgfWAU=
golang.org/x/sys v0.0.0-20190804053845-51ab0e2deafa/go.mod h1:h1NjWce9XRLGQEsW7wpKNCjG9DtNlClVuFLEZdDNbEs=
golang.org/x/sys v0.47.0 h1:o7XGOvZQCADBQQ4Y7VNq2dRWQR7JmOUW8Kxx4ZsNgWs=
golang.org/x/sys v0.47.0/go.mod h1:4GL1E5IUh+htKOUEOaiffhrAeqysfVGipDYzABqnCmw=
golang.org/x/text v0.41.0 h1:vz/seA0lnX87Othu2f/0L24RcgrXD9/YFTSuGjj3rH8=
golang.org/x/text v0.41.0/go.mod h1:jvf1O8ajNzZqhSrQBPbutR/EB83Cc0CFrezNQIwbb5M=
gopkg.in/op/go-logging.v1 v1.0.0-20160211212156-b2cb9fa56473 h1:6D+BvnJ/j6e222UW8s2qTSe3wGBtvo0MbVQG/c5k8RE=
gopkg.in/op/go-logging.v1 v1.0.0-20160211212156-b2cb9fa56473/go.mod h1:N1eN2tsCx0Ydtgjl4cqmbRCsY4/+z4cYDeqwZTk6zog=
gopkg.in/yaml.v3 v3.0.1 h1:fxVm/GzAzEWqLHuvctI91KS9hhNmmWOoWu0XTYJS7CA=
gopkg.in/yaml.v3 v3.0.1/go.mod h1:K4uyk7z7BCEPqu6E+C64Yfv1cQ7kz7rIZviUmN+EgEM=
